// !$*UTF8*$!
{
	archiveVersion = 1;
	classes = {
	};
	objectVersion = 56;
	objects = {

/* Begin PBXBuildFile section */
		BCAF7C6C2C7551C200837DAB /* SkillSwapApp.swift in Sources */ = {isa = PBXBuildFile; fileRef = BCAF7C6B2C7551C200837DAB /* SkillSwapApp.swift */; };
		BCAF7C702C7551C400837DAB /* Assets.xcassets in Resources */ = {isa = PBXBuildFile; fileRef = BCAF7C6F2C7551C400837DAB /* Assets.xcassets */; };
		BCAF7C732C7551C400837DAB /* Preview Assets.xcassets in Resources */ = {isa = PBXBuildFile; fileRef = BCAF7C722C7551C400837DAB /* Preview Assets.xcassets */; };
		BCAF7C812C863C9F00837DAB /* SplashScreenView.swift in Sources */ = {isa = PBXBuildFile; fileRef = BCAF7C802C863C9F00837DAB /* SplashScreenView.swift */; };
		BCAF7C832C863D0200837DAB /* OnboardingView.swift in Sources */ = {isa = PBXBuildFile; fileRef = BCAF7C822C863D0200837DAB /* OnboardingView.swift */; };
		BCAF7C852C863D4E00837DAB /* signup login.swift in Sources */ = {isa = PBXBuildFile; fileRef = BCAF7C842C863D4E00837DAB /* signup login.swift */; };
		BCAF7C872C863D6B00837DAB /* Create Account.swift in Sources */ = {isa = PBXBuildFile; fileRef = BCAF7C862C863D6B00837DAB /* Create Account.swift */; };
		BCAF7C892C863D7E00837DAB /* HomePageView.swift in Sources */ = {isa = PBXBuildFile; fileRef = BCAF7C882C863D7E00837DAB /* HomePageView.swift */; };
		BCAF7C8B2C863D9D00837DAB /* DiscoverView.swift in Sources */ = {isa = PBXBuildFile; fileRef = BCAF7C8A2C863D9D00837DAB /* DiscoverView.swift */; };
		BCAF7C8D2C863DB100837DAB /* MatchDetailView.swift in Sources */ = {isa = PBXBuildFile; fileRef = BCAF7C8C2C863DB100837DAB /* MatchDetailView.swift */; };
		BCAF7C912C87760900837DAB /* Profile View.swift in Sources */ = {isa = PBXBuildFile; fileRef = BCAF7C902C87760900837DAB /* Profile View.swift */; };
		BCAF7C932C87762600837DAB /* ProfileSetupView.swift in Sources */ = {isa = PBXBuildFile; fileRef = BCAF7C922C87762600837DAB /* ProfileSetupView.swift */; };
		BCAF7C952C87767200837DAB /* Message View.swift in Sources */ = {isa = PBXBuildFile; fileRef = BCAF7C942C87767200837DAB /* Message View.swift */; };
		BCAF7C972C87768200837DAB /* Community View.swift in Sources */ = {isa = PBXBuildFile; fileRef = BCAF7C962C87768200837DAB /* Community View.swift */; };
/* End PBXBuildFile section */

/* Begin PBXFileReference section */
		BCAF7C682C7551C200837DAB /* SkillSwap.app */ = {isa = PBXFileReference; explicitFileType = wrapper.application; includeInIndex = 0; path = SkillSwap.app; sourceTree = BUILT_PRODUCTS_DIR; };
		BCAF7C6B2C7551C200837DAB /* SkillSwapApp.swift */ = {isa = PBXFileReference; lastKnownFileType = sourcecode.swift; path = SkillSwapApp.swift; sourceTree = "<group>"; };
		BCAF7C6F2C7551C400837DAB /* Assets.xcassets */ = {isa = PBXFileReference; lastKnownFileType = folder.assetcatalog; path = Assets.xcassets; sourceTree = "<group>"; };
		BCAF7C722C7551C400837DAB /* Preview Assets.xcassets */ = {isa = PBXFileReference; lastKnownFileType = folder.assetcatalog; path = "Preview Assets.xcassets"; sourceTree = "<group>"; };
		BCAF7C742C7551C400837DAB /* SkillSwap.entitlements */ = {isa = PBXFileReference; lastKnownFileType = text.plist.entitlements; path = SkillSwap.entitlements; sourceTree = "<group>"; };
		BCAF7C802C863C9F00837DAB /* SplashScreenView.swift */ = {isa = PBXFileReference; lastKnownFileType = sourcecode.swift; path = SplashScreenView.swift; sourceTree = "<group>"; };
		BCAF7C822C863D0200837DAB /* OnboardingView.swift */ = {isa = PBXFileReference; lastKnownFileType = sourcecode.swift; path = OnboardingView.swift; sourceTree = "<group>"; };
		BCAF7C842C863D4E00837DAB /* signup login.swift */ = {isa = PBXFileReference; lastKnownFileType = sourcecode.swift; path = "signup login.swift"; sourceTree = "<group>"; };
		BCAF7C862C863D6B00837DAB /* Create Account.swift */ = {isa = PBXFileReference; lastKnownFileType = sourcecode.swift; path = "Create Account.swift"; sourceTree = "<group>"; };
		BCAF7C882C863D7E00837DAB /* HomePageView.swift */ = {isa = PBXFileReference; lastKnownFileType = sourcecode.swift; path = HomePageView.swift; sourceTree = "<group>"; };
		BCAF7C8A2C863D9D00837DAB /* DiscoverView.swift */ = {isa = PBXFileReference; lastKnownFileType = sourcecode.swift; path = DiscoverView.swift; sourceTree = "<group>"; };
		BCAF7C8C2C863DB100837DAB /* MatchDetailView.swift */ = {isa = PBXFileReference; lastKnownFileType = sourcecode.swift; path = MatchDetailView.swift; sourceTree = "<group>"; };
		BCAF7C902C87760900837DAB /* Profile View.swift */ = {isa = PBXFileReference; lastKnownFileType = sourcecode.swift; path = "Profile View.swift"; sourceTree = "<group>"; };
		BCAF7C922C87762600837DAB /* ProfileSetupView.swift */ = {isa = PBXFileReference; lastKnownFileType = sourcecode.swift; path = ProfileSetupView.swift; sourceTree = "<group>"; };
		BCAF7C942C87767200837DAB /* Message View.swift */ = {isa = PBXFileReference; lastKnownFileType = sourcecode.swift; path = "Message View.swift"; sourceTree = "<group>"; };
		BCAF7C962C87768200837DAB /* Community View.swift */ = {isa = PBXFileReference; lastKnownFileType = sourcecode.swift; path = "Community View.swift"; sourceTree = "<group>"; };
/* End PBXFileReference section */

/* Begin PBXFrameworksBuildPhase section */
		BCAF7C652C7551C200837DAB /* Frameworks */ = {
			isa = PBXFrameworksBuildPhase;
			buildActionMask = 2147483647;
			files = (
			);
			runOnlyForDeploymentPostprocessing = 0;
		};
/* End PBXFrameworksBuildPhase section */

/* Begin PBXGroup section */
		BCAF7C5F2C7551C200837DAB = {
			isa = PBXGroup;
			children = (
				BCAF7C6A2C7551C200837DAB /* SkillSwap */,
				BCAF7C692C7551C200837DAB /* Products */,
			);
			sourceTree = "<group>";
		};
		BCAF7C692C7551C200837DAB /* Products */ = {
			isa = PBXGroup;
			children = (
				BCAF7C682C7551C200837DAB /* SkillSwap.app */,
			);
			name = Products;
			sourceTree = "<group>";
		};
		BCAF7C6A2C7551C200837DAB /* SkillSwap */ = {
			isa = PBXGroup;
			children = (
				BCAF7C6B2C7551C200837DAB /* SkillSwapApp.swift */,
				BCAF7C802C863C9F00837DAB /* SplashScreenView.swift */,
				BCAF7C822C863D0200837DAB /* OnboardingView.swift */,
				BCAF7C842C863D4E00837DAB /* signup login.swift */,
				BCAF7C862C863D6B00837DAB /* Create Account.swift */,
				BCAF7C882C863D7E00837DAB /* HomePageView.swift */,
				BCAF7C8A2C863D9D00837DAB /* DiscoverView.swift */,
				BCAF7C8C2C863DB100837DAB /* MatchDetailView.swift */,
				BCAF7C902C87760900837DAB /* Profile View.swift */,
				BCAF7C922C87762600837DAB /* ProfileSetupView.swift */,
				BCAF7C942C87767200837DAB /* Message View.swift */,
				BCAF7C962C87768200837DAB /* Community View.swift */,
				BCAF7C6F2C7551C400837DAB /* Assets.xcassets */,
				BCAF7C742C7551C400837DAB /* SkillSwap.entitlements */,
				BCAF7C712C7551C400837DAB /* Preview Content */,
			);
			path = SkillSwap;
			sourceTree = "<group>";
		};
		BCAF7C712C7551C400837DAB /* Preview Content */ = {
			isa = PBXGroup;
			children = (
				BCAF7C722C7551C400837DAB /* Preview Assets.xcassets */,
			);
			path = "Preview Content";
			sourceTree = "<group>";
		};
/* End PBXGroup section */

/* Begin PBXNativeTarget section */
		BCAF7C672C7551C200837DAB /* SkillSwap */ = {
			isa = PBXNativeTarget;
			buildConfigurationList = BCAF7C772C7551C400837DAB /* Build configuration list for PBXNativeTarget "SkillSwap" */;
			buildPhases = (
				BCAF7C642C7551C200837DAB /* Sources */,
				BCAF7C652C7551C200837DAB /* Frameworks */,
				BCAF7C662C7551C200837DAB /* Resources */,
			);
			buildRules = (
			);
			dependencies = (
			);
			name = SkillSwap;
			productName = SkillSwap;
			productReference = BCAF7C682C7551C200837DAB /* SkillSwap.app */;
			productType = "com.apple.product-type.application";
		};
/* End PBXNativeTarget section */

/* Begin PBXProject section */
		BCAF7C602C7551C200837DAB /* Project object */ = {
			isa = PBXProject;
			attributes = {
				BuildIndependentTargetsInParallel = 1;
				LastSwiftUpdateCheck = 1540;
				LastUpgradeCheck = 1540;
				TargetAttributes = {
					BCAF7C672C7551C200837DAB = {
						CreatedOnToolsVersion = 15.4;
					};
				};
			};
			buildConfigurationList = BCAF7C632C7551C200837DAB /* Build configuration list for PBXProject "SkillSwap" */;
			compatibilityVersion = "Xcode 14.0";
			developmentRegion = en;
			hasScannedForEncodings = 0;
			knownRegions = (
				en,
				Base,
			);
			mainGroup = BCAF7C5F2C7551C200837DAB;
			productRefGroup = BCAF7C692C7551C200837DAB /* Products */;
			projectDirPath = "";
			projectRoot = "";
			targets = (
				BCAF7C672C7551C200837DAB /* SkillSwap */,
			);
		};
/* End PBXProject section */

/* Begin PBXResourcesBuildPhase section */
		BCAF7C662C7551C200837DAB /* Resources */ = {
			isa = PBXResourcesBuildPhase;
			buildActionMask = 2147483647;
			files = (
				BCAF7C732C7551C400837DAB /* Preview Assets.xcassets in Resources */,
				BCAF7C702C7551C400837DAB /* Assets.xcassets in Resources */,
			);
			runOnlyForDeploymentPostprocessing = 0;
		};
/* End PBXResourcesBuildPhase section */

/* Begin PBXSourcesBuildPhase section */
		BCAF7C642C7551C200837DAB /* Sources */ = {
			isa = PBXSourcesBuildPhase;
			buildActionMask = 2147483647;
			files = (
				BCAF7C912C87760900837DAB /* Profile View.swift in Sources */,
				BCAF7C872C863D6B00837DAB /* Create Account.swift in Sources */,
				BCAF7C952C87767200837DAB /* Message View.swift in Sources */,
				BCAF7C972C87768200837DAB /* Community View.swift in Sources */,
				BCAF7C852C863D4E00837DAB /* signup login.swift in Sources */,
				BCAF7C832C863D0200837DAB /* OnboardingView.swift in Sources */,
				BCAF7C8D2C863DB100837DAB /* MatchDetailView.swift in Sources */,
				BCAF7C6C2C7551C200837DAB /* SkillSwapApp.swift in Sources */,
				BCAF7C932C87762600837DAB /* ProfileSetupView.swift in Sources */,
				BCAF7C8B2C863D9D00837DAB /* DiscoverView.swift in Sources */,
				BCAF7C892C863D7E00837DAB /* HomePageView.swift in Sources */,
				BCAF7C812C863C9F00837DAB /* SplashScreenView.swift in Sources */,
			);
			runOnlyForDeploymentPostprocessing = 0;
		};
/* End PBXSourcesBuildPhase section */

/* Begin XCBuildConfiguration section */
		BCAF7C752C7551C400837DAB /* Debug */ = {
			isa = XCBuildConfiguration;
			buildSettings = {
				ALWAYS_SEARCH_USER_PATHS = NO;
				ASSETCATALOG_COMPILER_GENERATE_SWIFT_ASSET_SYMBOL_EXTENSIONS = YES;
				CLANG_ANALYZER_NONNULL = YES;
				CLANG_ANALYZER_NUMBER_OBJECT_CONVERSION = YES_AGGRESSIVE;
				CLANG_CXX_LANGUAGE_STANDARD = "gnu++20";
				CLANG_ENABLE_MODULES = YES;
				CLANG_ENABLE_OBJC_ARC = YES;
				CLANG_ENABLE_OBJC_WEAK = YES;
				CLANG_WARN_BLOCK_CAPTURE_AUTORELEASING = YES;
				CLANG_WARN_BOOL_CONVERSION = YES;
				CLANG_WARN_COMMA = YES;
				CLANG_WARN_CONSTANT_CONVERSION = YES;
				CLANG_WARN_DEPRECATED_OBJC_IMPLEMENTATIONS = YES;
				CLANG_WARN_DIRECT_OBJC_ISA_USAGE = YES_ERROR;
				CLANG_WARN_DOCUMENTATION_COMMENTS = YES;
				CLANG_WARN_EMPTY_BODY = YES;
				CLANG_WARN_ENUM_CONVERSION = YES;
				CLANG_WARN_INFINITE_RECURSION = YES;
				CLANG_WARN_INT_CONVERSION = YES;
				CLANG_WARN_NON_LITERAL_NULL_CONVERSION = YES;
				CLANG_WARN_OBJC_IMPLICIT_RETAIN_SELF = YES;
				CLANG_WARN_OBJC_LITERAL_CONVERSION = YES;
				CLANG_WARN_OBJC_ROOT_CLASS = YES_ERROR;
				CLANG_WARN_QUOTED_INCLUDE_IN_FRAMEWORK_HEADER = YES;
				CLANG_WARN_RANGE_LOOP_ANALYSIS = YES;
				CLANG_WARN_STRICT_PROTOTYPES = YES;
				CLANG_WARN_SUSPICIOUS_MOVE = YES;
				CLANG_WARN_UNGUARDED_AVAILABILITY = YES_AGGRESSIVE;
				CLANG_WARN_UNREACHABLE_CODE = YES;
				CLANG_WARN__DUPLICATE_METHOD_MATCH = YES;
				COPY_PHASE_STRIP = NO;
				DEBUG_INFORMATION_FORMAT = dwarf;
				ENABLE_STRICT_OBJC_MSGSEND = YES;
				ENABLE_TESTABILITY = YES;
				ENABLE_USER_SCRIPT_SANDBOXING = YES;
				GCC_C_LANGUAGE_STANDARD = gnu17;
				GCC_DYNAMIC_NO_PIC = NO;
				GCC_NO_COMMON_BLOCKS = YES;
				GCC_OPTIMIZATION_LEVEL = 0;
				GCC_PREPROCESSOR_DEFINITIONS = (
					"DEBUG=1",
					"$(inherited)",
				);
				GCC_WARN_64_TO_32_BIT_CONVERSION = YES;
				GCC_WARN_ABOUT_RETURN_TYPE = YES_ERROR;
				GCC_WARN_UNDECLARED_SELECTOR = YES;
				GCC_WARN_UNINITIALIZED_AUTOS = YES_AGGRESSIVE;
				GCC_WARN_UNUSED_FUNCTION = YES;
				GCC_WARN_UNUSED_VARIABLE = YES;
				LOCALIZATION_PREFERS_STRING_CATALOGS = YES;
				MACOSX_DEPLOYMENT_TARGET = 14.5;
				MTL_ENABLE_DEBUG_INFO = INCLUDE_SOURCE;
				MTL_FAST_MATH = YES;
				ONLY_ACTIVE_ARCH = YES;
				SDKROOT = macosx;
				SWIFT_ACTIVE_COMPILATION_CONDITIONS = "DEBUG $(inherited)";
				SWIFT_OPTIMIZATION_LEVEL = "-Onone";
			};
			name = Debug;
		};
		BCAF7C762C7551C400837DAB /* Release */ = {
			isa = XCBuildConfiguration;
			buildSettings = {
				ALWAYS_SEARCH_USER_PATHS = NO;
				ASSETCATALOG_COMPILER_GENERATE_SWIFT_ASSET_SYMBOL_EXTENSIONS = YES;
				CLANG_ANALYZER_NONNULL = YES;
				CLANG_ANALYZER_NUMBER_OBJECT_CONVERSION = YES_AGGRESSIVE;
				CLANG_CXX_LANGUAGE_STANDARD = "gnu++20";
				CLANG_ENABLE_MODULES = YES;
				CLANG_ENABLE_OBJC_ARC = YES;
				CLANG_ENABLE_OBJC_WEAK = YES;
				CLANG_WARN_BLOCK_CAPTURE_AUTORELEASING = YES;
				CLANG_WARN_BOOL_CONVERSION = YES;
				CLANG_WARN_COMMA = YES;
				CLANG_WARN_CONSTANT_CONVERSION = YES;
				CLANG_WARN_DEPRECATED_OBJC_IMPLEMENTATIONS = YES;
				CLANG_WARN_DIRECT_OBJC_ISA_USAGE = YES_ERROR;
				CLANG_WARN_DOCUMENTATION_COMMENTS = YES;
				CLANG_WARN_EMPTY_BODY = YES;
				CLANG_WARN_ENUM_CONVERSION = YES;
				CLANG_WARN_INFINITE_RECURSION = YES;
				CLANG_WARN_INT_CONVERSION = YES;
				CLANG_WARN_NON_LITERAL_NULL_CONVERSION = YES;
				CLANG_WARN_OBJC_IMPLICIT_RETAIN_SELF = YES;
				CLANG_WARN_OBJC_LITERAL_CONVERSION = YES;
				CLANG_WARN_OBJC_ROOT_CLASS = YES_ERROR;
				CLANG_WARN_QUOTED_INCLUDE_IN_FRAMEWORK_HEADER = YES;
				CLANG_WARN_RANGE_LOOP_ANALYSIS = YES;
				CLANG_WARN_STRICT_PROTOTYPES = YES;
				CLANG_WARN_SUSPICIOUS_MOVE = YES;
				CLANG_WARN_UNGUARDED_AVAILABILITY = YES_AGGRESSIVE;
				CLANG_WARN_UNREACHABLE_CODE = YES;
				CLANG_WARN__DUPLICATE_METHOD_MATCH = YES;
				COPY_PHASE_STRIP = NO;
				DEBUG_INFORMATION_FORMAT = "dwarf-with-dsym";
				ENABLE_NS_ASSERTIONS = NO;
				ENABLE_STRICT_OBJC_MSGSEND = YES;
				ENABLE_USER_SCRIPT_SANDBOXING = YES;
				GCC_C_LANGUAGE_STANDARD = gnu17;
				GCC_NO_COMMON_BLOCKS = YES;
				GCC_WARN_64_TO_32_BIT_CONVERSION = YES;
				GCC_WARN_ABOUT_RETURN_TYPE = YES_ERROR;
				GCC_WARN_UNDECLARED_SELECTOR = YES;
				GCC_WARN_UNINITIALIZED_AUTOS = YES_AGGRESSIVE;
				GCC_WARN_UNUSED_FUNCTION = YES;
				GCC_WARN_UNUSED_VARIABLE = YES;
				LOCALIZATION_PREFERS_STRING_CATALOGS = YES;
				MACOSX_DEPLOYMENT_TARGET = 14.5;
				MTL_ENABLE_DEBUG_INFO = NO;
				MTL_FAST_MATH = YES;
				SDKROOT = macosx;
				SWIFT_COMPILATION_MODE = wholemodule;
			};
			name = Release;
		};
		BCAF7C782C7551C400837DAB /* Debug */ = {
			isa = XCBuildConfiguration;
			buildSettings = {
				ASSETCATALOG_COMPILER_APPICON_NAME = AppIcon;
				ASSETCATALOG_COMPILER_GLOBAL_ACCENT_COLOR_NAME = AccentColor;
				CODE_SIGN_ENTITLEMENTS = SkillSwap/SkillSwap.entitlements;
				CODE_SIGN_STYLE = Automatic;
				COMBINE_HIDPI_IMAGES = YES;
				CURRENT_PROJECT_VERSION = 1;
				DEVELOPMENT_ASSET_PATHS = "\"SkillSwap/Preview Content\"";
				DEVELOPMENT_TEAM = 3CNQ598898;
				ENABLE_HARDENED_RUNTIME = YES;
				ENABLE_PREVIEWS = YES;
				GENERATE_INFOPLIST_FILE = YES;
				INFOPLIST_KEY_NSHumanReadableCopyright = "";
				LD_RUNPATH_SEARCH_PATHS = (
					"$(inherited)",
					"@executable_path/../Frameworks",
				);
				MARKETING_VERSION = 1.0;
				PRODUCT_BUNDLE_IDENTIFIER = com.teniola.SkillSwap;
				PRODUCT_NAME = "$(TARGET_NAME)";
				SUPPORTED_PLATFORMS = "iphoneos iphonesimulator macosx";
				SUPPORTS_MACCATALYST = NO;
				SWIFT_EMIT_LOC_STRINGS = YES;
				SWIFT_VERSION = 5.0;
				TARGETED_DEVICE_FAMILY = 1;
			};
			name = Debug;
		};
		BCAF7C792C7551C400837DAB /* Release */ = {
			isa = XCBuildConfiguration;
			buildSettings = {
				ASSETCATALOG_COMPILER_APPICON_NAME = AppIcon;
				ASSETCATALOG_COMPILER_GLOBAL_ACCENT_COLOR_NAME = AccentColor;
				CODE_SIGN_ENTITLEMENTS = SkillSwap/SkillSwap.entitlements;
				CODE_SIGN_STYLE = Automatic;
				COMBINE_HIDPI_IMAGES = YES;
				CURRENT_PROJECT_VERSION = 1;
				DEVELOPMENT_ASSET_PATHS = "\"SkillSwap/Preview Content\"";
				DEVELOPMENT_TEAM = 3CNQ598898;
				ENABLE_HARDENED_RUNTIME = YES;
				ENABLE_PREVIEWS = YES;
				GENERATE_INFOPLIST_FILE = YES;
				INFOPLIST_KEY_NSHumanReadableCopyright = "";
				LD_RUNPATH_SEARCH_PATHS = (
					"$(inherited)",
					"@executable_path/../Frameworks",
				);
				MARKETING_VERSION = 1.0;
				PRODUCT_BUNDLE_IDENTIFIER = com.teniola.SkillSwap;
				PRODUCT_NAME = "$(TARGET_NAME)";
				SUPPORTED_PLATFORMS = "iphoneos iphonesimulator macosx";
				SUPPORTS_MACCATALYST = NO;
				SWIFT_EMIT_LOC_STRINGS = YES;
				SWIFT_VERSION = 5.0;
				TARGETED_DEVICE_FAMILY = 1;
			};
			name = Release;
		};
/* End XCBuildConfiguration section */

/* Begin XCConfigurationList section */
		BCAF7C632C7551C200837DAB /* Build configuration list for PBXProject "SkillSwap" */ = {
			isa = XCConfigurationList;
			buildConfigurations = (
				BCAF7C752C7551C400837DAB /* Debug */,
				BCAF7C762C7551C400837DAB /* Release */,
			);
			defaultConfigurationIsVisible = 0;
			defaultConfigurationName = Release;
		};
		BCAF7C772C7551C400837DAB /* Build configuration list for PBXNativeTarget "SkillSwap" */ = {
			isa = XCConfigurationList;
			buildConfigurations = (
				BCAF7C782C7551C400837DAB /* Debug */,
				BCAF7C792C7551C400837DAB /* Release */,
			);
			defaultConfigurationIsVisible = 0;
			defaultConfigurationName = Release;
		};
/* End XCConfigurationList section */
	};
	rootObject = BCAF7C602C7551C200837DAB /* Project object */;
}
